
Microsoft Visual Studio Solution File, Format Version 12.00
# Visual Studio Version 17
VisualStudioVersion = 17.0.31903.59
MinimumVisualStudioVersion = 10.0.40219.1
Project("{FAE04EC0-301F-11D3-BF4B-00C04F79EFBC}") = "Stirnreihe.App", "Stirnreihe.App\Stirnreihe.App.csproj", "{D46235E5-82CB-4C1A-949F-F6FDE23753B8}"
EndProject
Project("{FAE04EC0-301F-11D3-BF4B-00C04F79EFBC}") = "Stirnreihe.Data", "Stirnreihe.Data\Stirnreihe.Data.csproj", "{48A483E6-4A12-46E3-A885-E1655EF2A4BF}"
EndProject
Global
	GlobalSection(SolutionConfigurationPlatforms) = preSolution
		Debug|Any CPU = Debug|Any CPU
		Release|Any CPU = Release|Any CPU
	EndGlobalSection
	GlobalSection(SolutionProperties) = preSolution
		HideSolutionNode = FALSE
	EndGlobalSection
	GlobalSection(ProjectConfigurationPlatforms) = postSolution
		{D46235E5-82CB-4C1A-949F-F6FDE23753B8}.Debug|Any CPU.ActiveCfg = Debug|Any CPU
		{D46235E5-82CB-4C1A-949F-F6FDE23753B8}.Debug|Any CPU.Build.0 = Debug|Any CPU
		{D46235E5-82CB-4C1A-949F-F6FDE23753B8}.Release|Any CPU.ActiveCfg = Release|Any CPU
		{D46235E5-82CB-4C1A-949F-F6FDE23753B8}.Release|Any CPU.Build.0 = Release|Any CPU
		{48A483E6-4A12-46E3-A885-E1655EF2A4BF}.Debug|Any CPU.ActiveCfg = Debug|Any CPU
		{48A483E6-4A12-46E3-A885-E1655EF2A4BF}.Debug|Any CPU.Build.0 = Debug|Any CPU
		{48A483E6-4A12-46E3-A885-E1655EF2A4BF}.Release|Any CPU.ActiveCfg = Release|Any CPU
		{48A483E6-4A12-46E3-A885-E1655EF2A4BF}.Release|Any CPU.Build.0 = Release|Any CPU
	EndGlobalSection
EndGlobal
